
Microsoft Visual Studio Solution File, Format Version 12.00
# Visual Studio Version 16
VisualStudioVersion = 16.0.30503.244
MinimumVisualStudioVersion = 10.0.40219.1
Project("{FAE04EC0-301F-11D3-BF4B-00C04F79EFBC}") = "eShopSolutionApp", "eShopSolutionApp\eShopSolutionApp.csproj", "{B6F38A68-E0C5-4868-AF56-730FE14909D6}"
EndProject
Project("{FAE04EC0-301F-11D3-BF4B-00C04F79EFBC}") = "eShopSolution.Data", "eShopSolution.Data\eShopSolution.Data.csproj", "{9B9934D7-220B-4970-AFED-BD6076C73858}"
EndProject
Project("{FAE04EC0-301F-11D3-BF4B-00C04F79EFBC}") = "eShopSulotion.Application", "eShopSulotion.Application\eShopSulotion.Application.csproj", "{8122DC31-EABF-4497-A3F3-C9FFD6D1BA2D}"
EndProject
Global
	GlobalSection(SolutionConfigurationPlatforms) = preSolution
		Debug|Any CPU = Debug|Any CPU
		Release|Any CPU = Release|Any CPU
	EndGlobalSection
	GlobalSection(ProjectConfigurationPlatforms) = postSolution
		{B6F38A68-E0C5-4868-AF56-730FE14909D6}.Debug|Any CPU.ActiveCfg = Debug|Any CPU
		{B6F38A68-E0C5-4868-AF56-730FE14909D6}.Debug|Any CPU.Build.0 = Debug|Any CPU
		{B6F38A68-E0C5-4868-AF56-730FE14909D6}.Release|Any CPU.ActiveCfg = Release|Any CPU
		{B6F38A68-E0C5-4868-AF56-730FE14909D6}.Release|Any CPU.Build.0 = Release|Any CPU
		{9B9934D7-220B-4970-AFED-BD6076C73858}.Debug|Any CPU.ActiveCfg = Debug|Any CPU
		{9B9934D7-220B-4970-AFED-BD6076C73858}.Debug|Any CPU.Build.0 = Debug|Any CPU
		{9B9934D7-220B-4970-AFED-BD6076C73858}.Release|Any CPU.ActiveCfg = Release|Any CPU
		{9B9934D7-220B-4970-AFED-BD6076C73858}.Release|Any CPU.Build.0 = Release|Any CPU
		{8122DC31-EABF-4497-A3F3-C9FFD6D1BA2D}.Debug|Any CPU.ActiveCfg = Debug|Any CPU
		{8122DC31-EABF-4497-A3F3-C9FFD6D1BA2D}.Debug|Any CPU.Build.0 = Debug|Any CPU
		{8122DC31-EABF-4497-A3F3-C9FFD6D1BA2D}.Release|Any CPU.ActiveCfg = Release|Any CPU
		{8122DC31-EABF-4497-A3F3-C9FFD6D1BA2D}.Release|Any CPU.Build.0 = Release|Any CPU
	EndGlobalSection
	GlobalSection(SolutionProperties) = preSolution
		HideSolutionNode = FALSE
	EndGlobalSection
	GlobalSection(ExtensibilityGlobals) = postSolution
		SolutionGuid = {5F55AD6D-7258-4EFF-A2A0-5DCCB46F3EFA}
	EndGlobalSection
EndGlobal
